
Microsoft Visual Studio Solution File, Format Version 12.00
# Visual Studio Version 16
VisualStudioVersion = 16.0.29311.281
MinimumVisualStudioVersion = 16.0.29201.188
Project("{FAE04EC0-301F-11D3-BF4B-00C04F79EFBC}") = "ClassLibrary1", "ClassLibrary1\ClassLibrary1.csproj", "{8E21CA72-9212-4912-8491-00B42D24B935}"
EndProject
Global
	GlobalSection(SolutionConfigurationPlatforms) = preSolution
		Debug|Any CPU = Debug|Any CPU
		Release|Any CPU = Release|Any CPU
	EndGlobalSection
	GlobalSection(ProjectConfigurationPlatforms) = postSolution
		{8E21CA72-9212-4912-8491-00B42D24B935}.Debug|Any CPU.ActiveCfg = Debug|Any CPU
		{8E21CA72-9212-4912-8491-00B42D24B935}.Debug|Any CPU.Build.0 = Debug|Any CPU
		{8E21CA72-9212-4912-8491-00B42D24B935}.Release|Any CPU.ActiveCfg = Release|Any CPU
		{8E21CA72-9212-4912-8491-00B42D24B935}.Release|Any CPU.Build.0 = Release|Any CPU
	EndGlobalSection
	GlobalSection(SolutionProperties) = preSolution
		HideSolutionNode = FALSE
	EndGlobalSection
	GlobalSection(ExtensibilityGlobals) = postSolution
		SolutionGuid = {B4A4764E-E027-4550-AAC8-A1DADAC20D40}
	EndGlobalSection
EndGlobal
