
Microsoft Visual Studio Solution File, Format Version 12.00
# Visual Studio 15
VisualStudioVersion = 15.0.27703.2035
MinimumVisualStudioVersion = 10.0.40219.1
Project("{FAE04EC0-301F-11D3-BF4B-00C04F79EFBC}") = "ExpressionBuilder", "ExpressionBuilder\ExpressionBuilder.csproj", "{2BD2B0C8-531F-4FE1-9CC8-5157F8B3A056}"
EndProject
Global
	GlobalSection(SolutionConfigurationPlatforms) = preSolution
		Debug|Any CPU = Debug|Any CPU
		Release|Any CPU = Release|Any CPU
	EndGlobalSection
	GlobalSection(ProjectConfigurationPlatforms) = postSolution
		{2BD2B0C8-531F-4FE1-9CC8-5157F8B3A056}.Debug|Any CPU.ActiveCfg = Debug|Any CPU
		{2BD2B0C8-531F-4FE1-9CC8-5157F8B3A056}.Debug|Any CPU.Build.0 = Debug|Any CPU
		{2BD2B0C8-531F-4FE1-9CC8-5157F8B3A056}.Release|Any CPU.ActiveCfg = Release|Any CPU
		{2BD2B0C8-531F-4FE1-9CC8-5157F8B3A056}.Release|Any CPU.Build.0 = Release|Any CPU
	EndGlobalSection
	GlobalSection(SolutionProperties) = preSolution
		HideSolutionNode = FALSE
	EndGlobalSection
	GlobalSection(ExtensibilityGlobals) = postSolution
		SolutionGuid = {60399EA9-AFD6-4B83-99F4-80CED3C2D00B}
	EndGlobalSection
EndGlobal
