
Microsoft Visual Studio Solution File, Format Version 12.00
# Visual Studio 15
VisualStudioVersion = 15.0.26720.2
MinimumVisualStudioVersion = 10.0.40219.1
Project("{FAE04EC0-301F-11D3-BF4B-00C04F79EFBC}") = "X86Console", "X86Console\X86Console.csproj", "{B9987CD2-7D9D-43AE-A787-00DFA9A32483}"
EndProject
Project("{FAE04EC0-301F-11D3-BF4B-00C04F79EFBC}") = "X64Console", "X64Console\X64Console.csproj", "{FDC02D2A-A70B-4C92-9646-FB484D5783BA}"
EndProject
Project("{FAE04EC0-301F-11D3-BF4B-00C04F79EFBC}") = "X86ConsoleNew", "X86ConsoleNew\X86ConsoleNew.csproj", "{A9DD7606-5C5F-49CF-9CEE-B92100BFC2FB}"
EndProject
Project("{FAE04EC0-301F-11D3-BF4B-00C04F79EFBC}") = "X64ConsoleNew", "X64ConsoleNew\X64ConsoleNew.csproj", "{63A89239-3CEC-4BE5-9A68-9B02D9FCF584}"
EndProject
Global
	GlobalSection(SolutionConfigurationPlatforms) = preSolution
		Debug|Any CPU = Debug|Any CPU
	EndGlobalSection
	GlobalSection(ProjectConfigurationPlatforms) = postSolution
		{B9987CD2-7D9D-43AE-A787-00DFA9A32483}.Debug|Any CPU.ActiveCfg = Debug|Any CPU
		{B9987CD2-7D9D-43AE-A787-00DFA9A32483}.Debug|Any CPU.Build.0 = Debug|Any CPU
		{FDC02D2A-A70B-4C92-9646-FB484D5783BA}.Debug|Any CPU.ActiveCfg = Debug|Any CPU
		{FDC02D2A-A70B-4C92-9646-FB484D5783BA}.Debug|Any CPU.Build.0 = Debug|Any CPU
		{A9DD7606-5C5F-49CF-9CEE-B92100BFC2FB}.Debug|Any CPU.ActiveCfg = Debug|Any CPU
		{A9DD7606-5C5F-49CF-9CEE-B92100BFC2FB}.Debug|Any CPU.Build.0 = Debug|Any CPU
		{63A89239-3CEC-4BE5-9A68-9B02D9FCF584}.Debug|Any CPU.ActiveCfg = Debug|Any CPU
		{63A89239-3CEC-4BE5-9A68-9B02D9FCF584}.Debug|Any CPU.Build.0 = Debug|Any CPU
	EndGlobalSection
	GlobalSection(SolutionProperties) = preSolution
		HideSolutionNode = FALSE
	EndGlobalSection
	GlobalSection(ExtensibilityGlobals) = postSolution
		SolutionGuid = {B4A4764E-E027-4550-AAC8-A1DADAC20D40}
	EndGlobalSection
EndGlobal
