
Microsoft Visual Studio Solution File, Format Version 12.00
# Visual Studio 15
VisualStudioVersion = 15.0.26720.2
MinimumVisualStudioVersion = 10.0.40219.1
Project("{FAE04EC0-301F-11D3-BF4B-00C04F79EFBC}") = "X86", "X86Console\X86.csproj", "{B9987CD2-7D9D-43AE-A787-00DFA9A32483}"
EndProject
Project("{FAE04EC0-301F-11D3-BF4B-00C04F79EFBC}") = "X64", "X64Console\X64.csproj", "{FDC02D2A-A70B-4C92-9646-FB484D5783BA}"
EndProject
Global
	GlobalSection(SolutionConfigurationPlatforms) = preSolution
		Debug|Any CPU = Debug|Any CPU
		Release|Any CPU = Release|Any CPU
	EndGlobalSection
	GlobalSection(ProjectConfigurationPlatforms) = postSolution
		{B9987CD2-7D9D-43AE-A787-00DFA9A32483}.Debug|Any CPU.ActiveCfg = Debug|Any CPU
		{B9987CD2-7D9D-43AE-A787-00DFA9A32483}.Debug|Any CPU.Build.0 = Debug|Any CPU
		{B9987CD2-7D9D-43AE-A787-00DFA9A32483}.Release|Any CPU.ActiveCfg = Release|Any CPU
		{B9987CD2-7D9D-43AE-A787-00DFA9A32483}.Release|Any CPU.Build.0 = Release|Any CPU
		{FDC02D2A-A70B-4C92-9646-FB484D5783BA}.Debug|Any CPU.ActiveCfg = Debug|Any CPU
		{FDC02D2A-A70B-4C92-9646-FB484D5783BA}.Debug|Any CPU.Build.0 = Debug|Any CPU
		{FDC02D2A-A70B-4C92-9646-FB484D5783BA}.Release|Any CPU.ActiveCfg = Release|Any CPU
		{FDC02D2A-A70B-4C92-9646-FB484D5783BA}.Release|Any CPU.Build.0 = Release|Any CPU
	EndGlobalSection
	GlobalSection(SolutionProperties) = preSolution
		HideSolutionNode = FALSE
	EndGlobalSection
	GlobalSection(ExtensibilityGlobals) = postSolution
		SolutionGuid = {B4A4764E-E027-4550-AAC8-A1DADAC20D40}
	EndGlobalSection
EndGlobal
