Microsoft Visual Studio Solution File, Format Version 12.00
# Visual Studio 15
VisualStudioVersion = 15.0.26730.0
MinimumVisualStudioVersion = 12.0.31101.0
Project("{FAE04EC0-301F-11D3-BF4B-00C04F79EFBC}") = "SampleWithEndpointConfigType", "SampleWithEndpointConfigType\SampleWithEndpointConfigType.csproj", "{48F718EE-6C45-41BA-80EC-81BF34D4A623}"
EndProject
Project("{FAE04EC0-301F-11D3-BF4B-00C04F79EFBC}") = "SampleWithRedirectInBoth", "SampleWithRedirectInBoth\SampleWithRedirectInBoth.csproj", "{C48DF8F9-A4A8-4755-9731-95C445E97CDE}"
EndProject
Global
	GlobalSection(SolutionConfigurationPlatforms) = preSolution
		Debug|Any CPU = Debug|Any CPU
	EndGlobalSection
	GlobalSection(ProjectConfigurationPlatforms) = postSolution
		{48F718EE-6C45-41BA-80EC-81BF34D4A623}.Debug|Any CPU.ActiveCfg = Debug|Any CPU
		{48F718EE-6C45-41BA-80EC-81BF34D4A623}.Debug|Any CPU.Build.0 = Debug|Any CPU
		{C48DF8F9-A4A8-4755-9731-95C445E97CDE}.Debug|Any CPU.ActiveCfg = Debug|Any CPU
		{C48DF8F9-A4A8-4755-9731-95C445E97CDE}.Debug|Any CPU.Build.0 = Debug|Any CPU
	EndGlobalSection
	GlobalSection(SolutionProperties) = preSolution
		HideSolutionNode = FALSE
	EndGlobalSection
	GlobalSection(ExtensibilityGlobals) = postSolution
		SolutionGuid = {3E30A3F3-8DF5-4209-9811-1A23A371B2EF}
	EndGlobalSection
EndGlobal
